{
  "nodes": {
    "nix-rust-prebuilt": {
      "locked": {
        "lastModified": 1788195631,
        "narHash": "sha256-QjnIfWrBpCH3Wjd5HUPQoYofj4V29oDCWGm02Uq7HuY=",
        "owner": "yangtau",
        "repo": "nix-rust-prebuilt",
        "rev": "ad6efa8679f18950d1f8ae56a73590b6182523fe",
        "type": "github"
      },
      "original": {
        "owner": "yangtau",
        "repo": "nix-rust-prebuilt",
        "type": "github"
      }
    },
    "nixpkgs": {
      "locked": {
        "lastModified": 1783816212,
        "narHash": "sha256-2aZisVTVGSFEk3MYcOiWQp3zvwyzbqpktB69Rcfp150=",
        "owner": "NixOS",
        "repo": "nixpkgs",
        "rev": "3b32825de172d0bc85664f495edb096b10862524",
        "type": "github"
      },
      "original": {
        "owner": "NixOS",
        "ref": "nixpkgs-unstable",
        "repo": "nixpkgs",
        "type": "github"
      }
    },
    "root": {
      "inputs": {
        "nix-rust-prebuilt": "nix-rust-prebuilt",
        "nixpkgs": "nixpkgs"
      }
    }
  },
  "root": "root",
  "version": 7
}
