{
  "nodes": {
    "nix-rust-prebuilt": {
      "locked": {
        "lastModified": 1786970272,
        "narHash": "sha256-dE+j3PwKuYGPT/sG5gUQAmchJUI0Ic0iI7Lwgsx5USw=",
        "owner": "yangtau",
        "repo": "nix-rust-prebuilt",
        "rev": "bff6d5f5f111172e86a065c7a9ffc6a5ddef7fa7",
        "type": "github"
      },
      "original": {
        "owner": "yangtau",
        "repo": "nix-rust-prebuilt",
        "type": "github"
      }
    },
    "nixpkgs": {
      "locked": {
        "lastModified": 1783816212,
        "narHash": "sha256-2aZisVTVGSFEk3MYcOiWQp3zvwyzbqpktB69Rcfp150=",
        "owner": "NixOS",
        "repo": "nixpkgs",
        "rev": "3b32825de172d0bc85664f495edb096b10862524",
        "type": "github"
      },
      "original": {
        "owner": "NixOS",
        "ref": "nixpkgs-unstable",
        "repo": "nixpkgs",
        "type": "github"
      }
    },
    "root": {
      "inputs": {
        "nix-rust-prebuilt": "nix-rust-prebuilt",
        "nixpkgs": "nixpkgs"
      }
    }
  },
  "root": "root",
  "version": 7
}
