{
  "nodes": {
    "nix-prebuilt": {
      "locked": {
        "lastModified": 1786967615,
        "narHash": "sha256-9ZM0R6QGf+ZBwltY/75Lu5s5bKVzS8PIt948MLzVzSw=",
        "owner": "yangtau",
        "repo": "nix-prebuilt",
        "rev": "9821d0d196dccf32b229a7c81fd6b1ac283ecaad",
        "type": "github"
      },
      "original": {
        "owner": "yangtau",
        "repo": "nix-prebuilt",
        "type": "github"
      }
    },
    "nixpkgs": {
      "locked": {
        "lastModified": 1783816212,
        "narHash": "sha256-2aZisVTVGSFEk3MYcOiWQp3zvwyzbqpktB69Rcfp150=",
        "owner": "NixOS",
        "repo": "nixpkgs",
        "rev": "3b32825de172d0bc85664f495edb096b10862524",
        "type": "github"
      },
      "original": {
        "owner": "NixOS",
        "ref": "nixpkgs-unstable",
        "repo": "nixpkgs",
        "type": "github"
      }
    },
    "root": {
      "inputs": {
        "nix-prebuilt": "nix-prebuilt",
        "nixpkgs": "nixpkgs"
      }
    }
  },
  "root": "root",
  "version": 7
}
